
Microsoft Visual Studio Solution File, Format Version 12.00
# Visual Studio Version 17
VisualStudioVersion = 17.2.32516.85
MinimumVisualStudioVersion = 10.0.40219.1
Project("{FAE04EC0-301F-11D3-BF4B-00C04F79EFBC}") = "AuditManagementServiceGateway", "AuditManagementServiceGateway.csproj", "{9EC5A595-213A-45A4-8697-F1DCAEBE1C59}"
EndProject
Project("{9A19103F-16F7-4668-BE54-9A1E7A4F7556}") = "AuthorizationService", "..\AuthorizationService\AuthorizationService.csproj", "{70D782A0-1329-47A7-AA5B-6F3C9E8680B5}"
EndProject
Project("{9A19103F-16F7-4668-BE54-9A1E7A4F7556}") = "AuditChecklistService", "..\AuditChecklistService\AuditChecklistService.csproj", "{6AAA0C80-4BDF-4BCE-A6AB-542261FDD33E}"
EndProject
Project("{9A19103F-16F7-4668-BE54-9A1E7A4F7556}") = "AuditSeverityService", "..\AuditSeverityService\AuditSeverityService.csproj", "{57472146-27C9-42D0-8FF8-1F405D45FA45}"
EndProject
Global
	GlobalSection(SolutionConfigurationPlatforms) = preSolution
		Debug|Any CPU = Debug|Any CPU
		Release|Any CPU = Release|Any CPU
	EndGlobalSection
	GlobalSection(ProjectConfigurationPlatforms) = postSolution
		{9EC5A595-213A-45A4-8697-F1DCAEBE1C59}.Debug|Any CPU.ActiveCfg = Debug|Any CPU
		{9EC5A595-213A-45A4-8697-F1DCAEBE1C59}.Debug|Any CPU.Build.0 = Debug|Any CPU
		{9EC5A595-213A-45A4-8697-F1DCAEBE1C59}.Release|Any CPU.ActiveCfg = Release|Any CPU
		{9EC5A595-213A-45A4-8697-F1DCAEBE1C59}.Release|Any CPU.Build.0 = Release|Any CPU
		{70D782A0-1329-47A7-AA5B-6F3C9E8680B5}.Debug|Any CPU.ActiveCfg = Debug|Any CPU
		{70D782A0-1329-47A7-AA5B-6F3C9E8680B5}.Debug|Any CPU.Build.0 = Debug|Any CPU
		{70D782A0-1329-47A7-AA5B-6F3C9E8680B5}.Release|Any CPU.ActiveCfg = Release|Any CPU
		{70D782A0-1329-47A7-AA5B-6F3C9E8680B5}.Release|Any CPU.Build.0 = Release|Any CPU
		{6AAA0C80-4BDF-4BCE-A6AB-542261FDD33E}.Debug|Any CPU.ActiveCfg = Debug|Any CPU
		{6AAA0C80-4BDF-4BCE-A6AB-542261FDD33E}.Debug|Any CPU.Build.0 = Debug|Any CPU
		{6AAA0C80-4BDF-4BCE-A6AB-542261FDD33E}.Release|Any CPU.ActiveCfg = Release|Any CPU
		{6AAA0C80-4BDF-4BCE-A6AB-542261FDD33E}.Release|Any CPU.Build.0 = Release|Any CPU
		{57472146-27C9-42D0-8FF8-1F405D45FA45}.Debug|Any CPU.ActiveCfg = Debug|Any CPU
		{57472146-27C9-42D0-8FF8-1F405D45FA45}.Debug|Any CPU.Build.0 = Debug|Any CPU
		{57472146-27C9-42D0-8FF8-1F405D45FA45}.Release|Any CPU.ActiveCfg = Release|Any CPU
		{57472146-27C9-42D0-8FF8-1F405D45FA45}.Release|Any CPU.Build.0 = Release|Any CPU
	EndGlobalSection
	GlobalSection(SolutionProperties) = preSolution
		HideSolutionNode = FALSE
	EndGlobalSection
	GlobalSection(ExtensibilityGlobals) = postSolution
		SolutionGuid = {67048BE3-4F62-4692-8ABF-BDDD209CD67D}
	EndGlobalSection
EndGlobal
